
Microsoft Visual Studio Solution File, Format Version 11.00
# Visual Studio 2010
Project("{FAE04EC0-301F-11D3-BF4B-00C04F79EFBC}") = "chess", "chess\chess.csproj", "{AB3115AC-A009-43F6-8AA3-8914A60912ED}"
EndProject
Global
	GlobalSection(SolutionConfigurationPlatforms) = preSolution
		Debug|x86 = Debug|x86
		Release|x86 = Release|x86
	EndGlobalSection
	GlobalSection(ProjectConfigurationPlatforms) = postSolution
		{AB3115AC-A009-43F6-8AA3-8914A60912ED}.Debug|x86.ActiveCfg = Debug|x86
		{AB3115AC-A009-43F6-8AA3-8914A60912ED}.Debug|x86.Build.0 = Debug|x86
		{AB3115AC-A009-43F6-8AA3-8914A60912ED}.Release|x86.ActiveCfg = Release|x86
		{AB3115AC-A009-43F6-8AA3-8914A60912ED}.Release|x86.Build.0 = Release|x86
	EndGlobalSection
	GlobalSection(SolutionProperties) = preSolution
		HideSolutionNode = FALSE
	EndGlobalSection
EndGlobal
